{
  "name": "gui",
  "lockfileVersion": 3,
  "requires": true,
  "packages": {
    "": {
      "dependencies": {
        "svelte-icons-pack": "^2.1.0",
        "svelte-notifications": "^0.9.98"
      }
    },
    "node_modules/svelte-icons-pack": {
      "version": "2.1.0",
      "resolved": "https://registry.npmjs.org/svelte-icons-pack/-/svelte-icons-pack-2.1.0.tgz",
      "integrity": "sha512-6Il0vWi/6MW3wXSorZhCqhkJGH4Pcg1WTcdlfFMPXfJqafZVQgmKdhVFS1c2hXGvs4byttpLC9XmI3okV1uMWA=="
    },
    "node_modules/svelte-notifications": {
      "version": "0.9.98",
      "resolved": "https://registry.npmjs.org/svelte-notifications/-/svelte-notifications-0.9.98.tgz",
      "integrity": "sha512-w7/sqnQtEjM5uzjb3HfB50RE6KMuuWEQZxfBw86IykslHFJRcTuRvaUv503UMqY/LaioOu6w9mjJTO+ejiReSQ=="
    }
  }
}
