{
  "name": "gui",
  "lockfileVersion": 3,
  "requires": true,
  "packages": {
    "": {
      "dependencies": {
        "@okrad/svelte-progressbar": "^2.1.1",
        "svelte-icons-pack": "^2.1.0",
        "svelte-notifications": "^0.9.98"
      }
    },
    "node_modules/@okrad/svelte-progressbar": {
      "version": "2.1.1",
      "resolved": "https://registry.npmjs.org/@okrad/svelte-progressbar/-/svelte-progressbar-2.1.1.tgz",
      "integrity": "sha512-vzb6Zfcz/8M9KFFfjR20L3ncZOSX21HH8WoqbQzoM8ewB4fPD9Jzhy4tYk9/7HZyHNgM9DqpT1WdWQK1JkCnDA==",
      "peerDependencies": {
        "svelte": "^3.54.0"
      }
    },
    "node_modules/svelte": {
      "version": "3.59.1",
      "resolved": "https://registry.npmjs.org/svelte/-/svelte-3.59.1.tgz",
      "integrity": "sha512-pKj8fEBmqf6mq3/NfrB9SLtcJcUvjYSWyePlfCqN9gujLB25RitWK8PvFzlwim6hD/We35KbPlRteuA6rnPGcQ==",
      "peer": true,
      "engines": {
        "node": ">= 8"
      }
    },
    "node_modules/svelte-icons-pack": {
      "version": "2.1.0",
      "resolved": "https://registry.npmjs.org/svelte-icons-pack/-/svelte-icons-pack-2.1.0.tgz",
      "integrity": "sha512-6Il0vWi/6MW3wXSorZhCqhkJGH4Pcg1WTcdlfFMPXfJqafZVQgmKdhVFS1c2hXGvs4byttpLC9XmI3okV1uMWA=="
    },
    "node_modules/svelte-notifications": {
      "version": "0.9.98",
      "resolved": "https://registry.npmjs.org/svelte-notifications/-/svelte-notifications-0.9.98.tgz",
      "integrity": "sha512-w7/sqnQtEjM5uzjb3HfB50RE6KMuuWEQZxfBw86IykslHFJRcTuRvaUv503UMqY/LaioOu6w9mjJTO+ejiReSQ=="
    }
  }
}
